{
  "requires": true,
  "lockfileVersion": 1,
  "dependencies": {
    "angular": {
      "version": "1.6.7",
      "resolved": "https://registry.npmjs.org/angular/-/angular-1.6.7.tgz",
      "integrity": "sha1-D4mDfa4XdrAcyx+iCW2w2Tc9mJc="
    },
    "angular-ui-router": {
      "version": "0.4.3",
      "resolved": "https://registry.npmjs.org/angular-ui-router/-/angular-ui-router-0.4.3.tgz",
      "integrity": "sha512-EGBG7G7ArFVkJPM+ZIgPKuMYuT16UQrr3zj3BEiXHKwxss867bGt3u7QD9g4BxR+K2qQOSWok6JGvgTWXAko3A==",
      "requires": {
        "angular": "1.6.7"
      }
    },
    "bootstrap": {
      "version": "3.3.7",
      "resolved": "https://registry.npmjs.org/bootstrap/-/bootstrap-3.3.7.tgz",
      "integrity": "sha1-WjiTlFSfIzMIdaOxUGVldPip63E="
    }
  }
}
